
Microsoft Visual Studio Solution File, Format Version 12.00
# Visual Studio Version 16
VisualStudioVersion = 16.0.31112.23
MinimumVisualStudioVersion = 10.0.40219.1
Project("{FAE04EC0-301F-11D3-BF4B-00C04F79EFBC}") = "myCalculatorr", "myCalculatorr\myCalculatorr.csproj", "{F14FD5A2-491F-4BA5-BDAD-5A40EA6924A9}"
EndProject
Project("{FAE04EC0-301F-11D3-BF4B-00C04F79EFBC}") = "CalcClass", "CalcClass\CalcClass.csproj", "{06692061-E2F1-43E4-8961-AFF7AF5160B1}"
EndProject
Project("{FAE04EC0-301F-11D3-BF4B-00C04F79EFBC}") = "CalcClassTests", "CalcClassTests\CalcClassTests.csproj", "{6DAB8EC3-D3AD-4254-867D-427A9E93FA92}"
EndProject
Global
	GlobalSection(SolutionConfigurationPlatforms) = preSolution
		Debug|Any CPU = Debug|Any CPU
		Release|Any CPU = Release|Any CPU
	EndGlobalSection
	GlobalSection(ProjectConfigurationPlatforms) = postSolution
		{F14FD5A2-491F-4BA5-BDAD-5A40EA6924A9}.Debug|Any CPU.ActiveCfg = Debug|Any CPU
		{F14FD5A2-491F-4BA5-BDAD-5A40EA6924A9}.Debug|Any CPU.Build.0 = Debug|Any CPU
		{F14FD5A2-491F-4BA5-BDAD-5A40EA6924A9}.Release|Any CPU.ActiveCfg = Release|Any CPU
		{F14FD5A2-491F-4BA5-BDAD-5A40EA6924A9}.Release|Any CPU.Build.0 = Release|Any CPU
		{06692061-E2F1-43E4-8961-AFF7AF5160B1}.Debug|Any CPU.ActiveCfg = Debug|Any CPU
		{06692061-E2F1-43E4-8961-AFF7AF5160B1}.Debug|Any CPU.Build.0 = Debug|Any CPU
		{06692061-E2F1-43E4-8961-AFF7AF5160B1}.Release|Any CPU.ActiveCfg = Release|Any CPU
		{06692061-E2F1-43E4-8961-AFF7AF5160B1}.Release|Any CPU.Build.0 = Release|Any CPU
		{6DAB8EC3-D3AD-4254-867D-427A9E93FA92}.Debug|Any CPU.ActiveCfg = Debug|Any CPU
		{6DAB8EC3-D3AD-4254-867D-427A9E93FA92}.Debug|Any CPU.Build.0 = Debug|Any CPU
		{6DAB8EC3-D3AD-4254-867D-427A9E93FA92}.Release|Any CPU.ActiveCfg = Release|Any CPU
		{6DAB8EC3-D3AD-4254-867D-427A9E93FA92}.Release|Any CPU.Build.0 = Release|Any CPU
	EndGlobalSection
	GlobalSection(SolutionProperties) = preSolution
		HideSolutionNode = FALSE
	EndGlobalSection
	GlobalSection(ExtensibilityGlobals) = postSolution
		SolutionGuid = {3E54CB73-97E5-40D0-B0A3-C58451B8A0E9}
	EndGlobalSection
EndGlobal
